{
  "lockfileVersion": 1,
  "configVersion": 0,
  "workspaces": {
    "": {
      "name": "vscode-css-languageserver",
      "dependencies": {
        "@vscode/l10n": "^0.0.18",
        "vscode-css-languageservice": "^6.3.3",
        "vscode-languageserver": "^10.0.0-next.11",
        "vscode-uri": "^3.0.8",
      },
      "devDependencies": {
        "@types/mocha": "^9.1.1",
        "@types/node": "20.x",
      },
    },
  },
  "packages": {
    "@types/mocha": ["@types/mocha@9.1.1", "", {}, "sha512-Z61JK7DKDtdKTWwLeElSEBcWGRLY8g95ic5FoQqI9CMx0ns/Ghep3B4DfcEimiKMvtamNVULVNKEsiwV3aQmXw=="],

    "@types/node": ["@types/node@20.11.24", "", { "dependencies": { "undici-types": "~5.26.4" } }, "sha512-Kza43ewS3xoLgCEpQrsT+xRo/EJej1y0kVYGiLFE1NEODXGzTfwiC6tXTLMQskn1X4/Rjlh0MQUvx9W+L9long=="],

    "@vscode/l10n": ["@vscode/l10n@0.0.18", "", {}, "sha512-KYSIHVmslkaCDyw013pphY+d7x1qV8IZupYfeIfzNA+nsaWHbn5uPuQRvdRFsa9zFzGeudPuoGoZ1Op4jrJXIQ=="],

    "undici-types": ["undici-types@5.26.5", "", {}, "sha512-JlCMO+ehdEIKqlFxk6IfVoAUVmgz7cU7zD/h9XZ0qzeosSHmUJVOzSQvvYSYWXkFXC+IfLKSIffhv0sVZup6pA=="],

    "vscode-css-languageservice": ["vscode-css-languageservice@6.3.3", "", { "dependencies": { "@vscode/l10n": "^0.0.18", "vscode-languageserver-textdocument": "^1.0.12", "vscode-languageserver-types": "3.17.5", "vscode-uri": "^3.0.8" } }, "sha512-xXa+ftMPv6JxRgzkvPwZuDCafIdwDW3kyijGcfij1a2qBVScr2qli6MfgJzYm/AMYdbHq9I/4hdpKV0Thim2EA=="],

    "vscode-jsonrpc": ["vscode-jsonrpc@9.0.0-next.6", "", {}, "sha512-KCSvUNsFiVciG9iqjJKBZOd66CN3ZKohDlYRmoOi+pd8l15MFLZ8wRG4c+wuzePGba/8WcCG2TM+C/GVlvuaeA=="],

    "vscode-languageserver": ["vscode-languageserver@10.0.0-next.11", "", { "dependencies": { "vscode-languageserver-protocol": "3.17.6-next.11" }, "bin": { "installServerIntoExtension": "bin/installServerIntoExtension" } }, "sha512-cmobSrVDYhlh/t02vz/bV8nNpds8mus5HnILULae2iAvOjoaJPnTAp0jJWoYdUqTpIVzT9JV6JMKqLEvdqpeqg=="],

    "vscode-languageserver-protocol": ["vscode-languageserver-protocol@3.17.6-next.11", "", { "dependencies": { "vscode-jsonrpc": "9.0.0-next.6", "vscode-languageserver-types": "3.17.6-next.5" } }, "sha512-GeJxEp1TiLsp79f8WG5n10wLViXfgFKb99hU9K8m7KDWM95/QFEqWkm79f9LVm54tUK74I91a9EeiQLCS/FABQ=="],

    "vscode-languageserver-textdocument": ["vscode-languageserver-textdocument@1.0.12", "", {}, "sha512-cxWNPesCnQCcMPeenjKKsOCKQZ/L6Tv19DTRIGuLWe32lyzWhihGVJ/rcckZXJxfdKCFvRLS3fpBIsV/ZGX4zA=="],

    "vscode-languageserver-types": ["vscode-languageserver-types@3.17.5", "", {}, "sha512-Ld1VelNuX9pdF39h2Hgaeb5hEZM2Z3jUrrMgWQAu82jMtZp7p3vJT3BzToKtZI7NgQssZje5o0zryOrhQvzQAg=="],

    "vscode-uri": ["vscode-uri@3.0.8", "", {}, "sha512-AyFQ0EVmsOZOlAnxoFOGOq1SQDWAB7C6aqMGS23svWAllfOaxbuFvcT8D1i8z3Gyn8fraVeZNNmN6e9bxxXkKw=="],

    "vscode-languageserver-protocol/vscode-languageserver-types": ["vscode-languageserver-types@3.17.6-next.5", "", {}, "sha512-QFmf3Yl1tCgUQfA77N9Me/LXldJXkIVypQbty2rJ1DNHQkC+iwvm4Z2tXg9czSwlhvv0pD4pbF5mT7WhAglolw=="],
  }
}
