{
  "lockfileVersion": 1,
  "configVersion": 0,
  "workspaces": {
    "": {
      "name": "test-monaco",
      "devDependencies": {
        "@types/chai": "^4.2.14",
        "chai": "^4.2.0",
        "warnings-to-errors-webpack-plugin": "^2.3.0",
      },
    },
  },
  "packages": {
    "@types/chai": ["@types/chai@4.2.14", "", {}, "sha512-G+ITQPXkwTrslfG5L/BksmbLUA0M1iybEsmCWPqzSxsRRhJZimBKJkoMi8fr/CPygPTj4zO5pJH7I2/cm9M7SQ=="],

    "assertion-error": ["assertion-error@1.1.0", "", {}, "sha512-jgsaNduz+ndvGyFt3uSuWqvy4lCnIJiovtouQN5JZHOKCS2QuhEdbcQHFhVksz2N2U9hXJo8odG7ETyWlEeuDw=="],

    "chai": ["chai@4.2.0", "", { "dependencies": { "assertion-error": "^1.1.0", "check-error": "^1.0.2", "deep-eql": "^3.0.1", "get-func-name": "^2.0.0", "pathval": "^1.1.0", "type-detect": "^4.0.5" } }, "sha512-XQU3bhBukrOsQCuwZndwGcCVQHyZi53fQ6Ys1Fym7E4olpIqqZZhhoFJoaKVvV17lWQoXYwgWN2nF5crA8J2jw=="],

    "check-error": ["check-error@1.0.2", "", {}, ""],

    "deep-eql": ["deep-eql@3.0.1", "", { "dependencies": { "type-detect": "^4.0.0" } }, "sha512-+QeIQyN5ZuO+3Uk5DYh6/1eKO0m0YmJFGNmFHGACpf1ClL1nmlV/p4gNgbl2pJGxgXb4faqo6UE+M5ACEMyVcw=="],

    "get-func-name": ["get-func-name@2.0.0", "", {}, ""],

    "pathval": ["pathval@1.1.1", "", {}, "sha512-Dp6zGqpTdETdR63lehJYPeIOqpiNBNtc7BpWSLrOje7UaIsE5aY92r/AunQA7rsXvet3lrJ3JnZX29UPTKXyKQ=="],

    "type-detect": ["type-detect@4.0.8", "", {}, "sha512-0fr/mIH1dlO+x7TlcMy+bIDqKPsw/70tVyeHW787goQjhmqaZe10uwLujubK9q9Lg6Fiho1KUKDYz0Z7k7g5/g=="],

    "warnings-to-errors-webpack-plugin": ["warnings-to-errors-webpack-plugin@2.3.0", "", {}, "sha512-fzOyw+Ctr2MqJ+4UXKobDiOLzMMSBAdvGMWvZ4NRgTBCofAL2mmdfr6/Of3Bqz9Sq6R6xT5dLs6nnLLCtmppeQ=="],
  }
}
