{
  "lockfileVersion": 1,
  "configVersion": 0,
  "workspaces": {
    "": {
      "name": "github",
      "dependencies": {
        "@octokit/graphql": "8.2.0",
        "@octokit/graphql-schema": "14.4.0",
        "@octokit/rest": "21.1.0",
        "@vscode/extension-telemetry": "^0.9.8",
        "tunnel": "^0.0.6",
      },
      "devDependencies": {
        "@types/node": "20.x",
      },
    },
  },
  "packages": {
    "@microsoft/1ds-core-js": ["@microsoft/1ds-core-js@4.3.4", "", { "dependencies": { "@microsoft/applicationinsights-core-js": "3.3.4", "@microsoft/applicationinsights-shims": "3.0.1", "@microsoft/dynamicproto-js": "^2.0.3", "@nevware21/ts-async": ">= 0.5.2 < 2.x", "@nevware21/ts-utils": ">= 0.11.3 < 2.x" } }, "sha512-3gbDUQgAO8EoyQTNcAEkxpuPnioC0May13P1l1l0NKZ128L9Ts/sj8QsfwCRTjHz0HThlA+4FptcAJXNYUy3rg=="],

    "@microsoft/1ds-post-js": ["@microsoft/1ds-post-js@4.3.4", "", { "dependencies": { "@microsoft/1ds-core-js": "4.3.4", "@microsoft/applicationinsights-shims": "3.0.1", "@microsoft/dynamicproto-js": "^2.0.3", "@nevware21/ts-async": ">= 0.5.2 < 2.x", "@nevware21/ts-utils": ">= 0.11.3 < 2.x" } }, "sha512-nlKjWricDj0Tn68Dt0P8lX9a+X7LYrqJ6/iSfQwMfDhRIGLqW+wxx8gxS+iGWC/oc8zMQAeiZaemUpCwQcwpRQ=="],

    "@microsoft/applicationinsights-channel-js": ["@microsoft/applicationinsights-channel-js@3.3.4", "", { "dependencies": { "@microsoft/applicationinsights-common": "3.3.4", "@microsoft/applicationinsights-core-js": "3.3.4", "@microsoft/applicationinsights-shims": "3.0.1", "@microsoft/dynamicproto-js": "^2.0.3", "@nevware21/ts-async": ">= 0.5.2 < 2.x", "@nevware21/ts-utils": ">= 0.11.3 < 2.x" }, "peerDependencies": { "tslib": ">= 1.0.0" } }, "sha512-Z4nrxYwGKP9iyrYtm7iPQXVOFy4FsEsX0nDKkAi96Qpgw+vEh6NH4ORxMMuES0EollBQ3faJyvYCwckuCVIj0g=="],

    "@microsoft/applicationinsights-common": ["@microsoft/applicationinsights-common@3.3.4", "", { "dependencies": { "@microsoft/applicationinsights-core-js": "3.3.4", "@microsoft/applicationinsights-shims": "3.0.1", "@microsoft/dynamicproto-js": "^2.0.3", "@nevware21/ts-utils": ">= 0.11.3 < 2.x" }, "peerDependencies": { "tslib": ">= 1.0.0" } }, "sha512-4ms16MlIvcP4WiUPqopifNxcWCcrXQJ2ADAK/75uok2mNQe6ZNRsqb/P+pvhUxc8A5HRlvoXPP1ptDSN5Girgw=="],

    "@microsoft/applicationinsights-core-js": ["@microsoft/applicationinsights-core-js@3.3.4", "", { "dependencies": { "@microsoft/applicationinsights-shims": "3.0.1", "@microsoft/dynamicproto-js": "^2.0.3", "@nevware21/ts-async": ">= 0.5.2 < 2.x", "@nevware21/ts-utils": ">= 0.11.3 < 2.x" }, "peerDependencies": { "tslib": ">= 1.0.0" } }, "sha512-MummANF0mgKIkdvVvfmHQTBliK114IZLRhTL0X0Ep+zjDwWMHqYZgew0nlFKAl6ggu42abPZFK5afpE7qjtYJA=="],

    "@microsoft/applicationinsights-shims": ["@microsoft/applicationinsights-shims@3.0.1", "", { "dependencies": { "@nevware21/ts-utils": ">= 0.9.4 < 2.x" } }, "sha512-DKwboF47H1nb33rSUfjqI6ryX29v+2QWcTrRvcQDA32AZr5Ilkr7whOOSsD1aBzwqX0RJEIP1Z81jfE3NBm/Lg=="],

    "@microsoft/applicationinsights-web-basic": ["@microsoft/applicationinsights-web-basic@3.3.4", "", { "dependencies": { "@microsoft/applicationinsights-channel-js": "3.3.4", "@microsoft/applicationinsights-common": "3.3.4", "@microsoft/applicationinsights-core-js": "3.3.4", "@microsoft/applicationinsights-shims": "3.0.1", "@microsoft/dynamicproto-js": "^2.0.3", "@nevware21/ts-async": ">= 0.5.2 < 2.x", "@nevware21/ts-utils": ">= 0.11.3 < 2.x" }, "peerDependencies": { "tslib": ">= 1.0.0" } }, "sha512-OpEPXr8vU/t/M8T9jvWJzJx/pCyygIiR1nGM/2PTde0wn7anl71Gxl5fWol7K/WwFEORNjkL3CEyWOyDc+28AA=="],

    "@microsoft/dynamicproto-js": ["@microsoft/dynamicproto-js@2.0.3", "", { "dependencies": { "@nevware21/ts-utils": ">= 0.10.4 < 2.x" } }, "sha512-JTWTU80rMy3mdxOjjpaiDQsTLZ6YSGGqsjURsY6AUQtIj0udlF/jYmhdLZu8693ZIC0T1IwYnFa0+QeiMnziBA=="],

    "@nevware21/ts-async": ["@nevware21/ts-async@0.5.4", "", { "dependencies": { "@nevware21/ts-utils": ">= 0.11.6 < 2.x" } }, "sha512-IBTyj29GwGlxfzXw2NPnzty+w0Adx61Eze1/lknH/XIVdxtF9UnOpk76tnrHXWa6j84a1RR9hsOcHQPFv9qJjA=="],

    "@nevware21/ts-utils": ["@nevware21/ts-utils@0.11.6", "", {}, "sha512-OUUJTh3fnaUSzg9DEHgv3d7jC+DnPL65mIO7RaR+jWve7+MmcgIvF79gY97DPQ4frH+IpNR78YAYd/dW4gK3kg=="],

    "@octokit/auth-token": ["@octokit/auth-token@5.1.2", "", {}, "sha512-JcQDsBdg49Yky2w2ld20IHAlwr8d/d8N6NiOXbtuoPCqzbsiJgF633mVUw3x4mo0H5ypataQIX7SFu3yy44Mpw=="],

    "@octokit/core": ["@octokit/core@6.1.4", "", { "dependencies": { "@octokit/auth-token": "^5.0.0", "@octokit/graphql": "^8.1.2", "@octokit/request": "^9.2.1", "@octokit/request-error": "^6.1.7", "@octokit/types": "^13.6.2", "before-after-hook": "^3.0.2", "universal-user-agent": "^7.0.0" } }, "sha512-lAS9k7d6I0MPN+gb9bKDt7X8SdxknYqAMh44S5L+lNqIN2NuV8nvv3g8rPp7MuRxcOpxpUIATWprO0C34a8Qmg=="],

    "@octokit/endpoint": ["@octokit/endpoint@10.1.3", "", { "dependencies": { "@octokit/types": "^13.6.2", "universal-user-agent": "^7.0.2" } }, "sha512-nBRBMpKPhQUxCsQQeW+rCJ/OPSMcj3g0nfHn01zGYZXuNDvvXudF/TYY6APj5THlurerpFN4a/dQAIAaM6BYhA=="],

    "@octokit/graphql": ["@octokit/graphql@8.2.0", "", { "dependencies": { "@octokit/request": "^9.1.4", "@octokit/types": "^13.8.0", "universal-user-agent": "^7.0.0" } }, "sha512-gejfDywEml/45SqbWTWrhfwvLBrcGYhOn50sPOjIeVvH6i7D16/9xcFA8dAJNp2HMcd+g4vru41g4E2RBiZvfQ=="],

    "@octokit/graphql-schema": ["@octokit/graphql-schema@14.4.0", "", { "dependencies": { "graphql": "^16.0.0", "graphql-tag": "^2.10.3" } }, "sha512-+O6/dsLlR6V9gv+t1lqsN+x73TLwyQWZpd3M8/eYnuny7VaznV9TAyUxf18tX8WBBS5IqtlLDk1nG+aSTPRZzQ=="],

    "@octokit/openapi-types": ["@octokit/openapi-types@23.0.1", "", {}, "sha512-izFjMJ1sir0jn0ldEKhZ7xegCTj/ObmEDlEfpFrx4k/JyZSMRHbO3/rBwgE7f3m2DHt+RrNGIVw4wSmwnm3t/g=="],

    "@octokit/plugin-paginate-rest": ["@octokit/plugin-paginate-rest@11.4.2", "", { "dependencies": { "@octokit/types": "^13.7.0" }, "peerDependencies": { "@octokit/core": ">=6" } }, "sha512-BXJ7XPCTDXFF+wxcg/zscfgw2O/iDPtNSkwwR1W1W5c4Mb3zav/M2XvxQ23nVmKj7jpweB4g8viMeCQdm7LMVA=="],

    "@octokit/plugin-request-log": ["@octokit/plugin-request-log@5.3.1", "", { "peerDependencies": { "@octokit/core": ">=6" } }, "sha512-n/lNeCtq+9ofhC15xzmJCNKP2BWTv8Ih2TTy+jatNCCq/gQP/V7rK3fjIfuz0pDWDALO/o/4QY4hyOF6TQQFUw=="],

    "@octokit/plugin-rest-endpoint-methods": ["@octokit/plugin-rest-endpoint-methods@13.3.1", "", { "dependencies": { "@octokit/types": "^13.8.0" }, "peerDependencies": { "@octokit/core": ">=6" } }, "sha512-o8uOBdsyR+WR8MK9Cco8dCgvG13H1RlM1nWnK/W7TEACQBFux/vPREgKucxUfuDQ5yi1T3hGf4C5ZmZXAERgwQ=="],

    "@octokit/request": ["@octokit/request@9.2.1", "", { "dependencies": { "@octokit/endpoint": "^10.1.3", "@octokit/request-error": "^6.1.6", "@octokit/types": "^13.6.2", "fast-content-type-parse": "^2.0.0", "universal-user-agent": "^7.0.2" } }, "sha512-TqHLIdw1KFvx8WvLc7Jv94r3C3+AzKY2FWq7c20zvrxmCIa6MCVkLCE/826NCXnml3LFJjLsidDh1BhMaGEDQw=="],

    "@octokit/request-error": ["@octokit/request-error@6.1.7", "", { "dependencies": { "@octokit/types": "^13.6.2" } }, "sha512-69NIppAwaauwZv6aOzb+VVLwt+0havz9GT5YplkeJv7fG7a40qpLt/yZKyiDxAhgz0EtgNdNcb96Z0u+Zyuy2g=="],

    "@octokit/rest": ["@octokit/rest@21.1.0", "", { "dependencies": { "@octokit/core": "^6.1.3", "@octokit/plugin-paginate-rest": "^11.4.0", "@octokit/plugin-request-log": "^5.3.1", "@octokit/plugin-rest-endpoint-methods": "^13.3.0" } }, "sha512-93iLxcKDJboUpmnUyeJ6cRIi7z7cqTZT1K7kRK4LobGxwTwpsa+2tQQbRQNGy7IFDEAmrtkf4F4wBj3D5rVlJQ=="],

    "@octokit/types": ["@octokit/types@13.8.0", "", { "dependencies": { "@octokit/openapi-types": "^23.0.1" } }, "sha512-x7DjTIbEpEWXK99DMd01QfWy0hd5h4EN+Q7shkdKds3otGQP+oWE/y0A76i1OvH9fygo4ddvNf7ZvF0t78P98A=="],

    "@types/node": ["@types/node@20.11.24", "", { "dependencies": { "undici-types": "~5.26.4" } }, "sha512-Kza43ewS3xoLgCEpQrsT+xRo/EJej1y0kVYGiLFE1NEODXGzTfwiC6tXTLMQskn1X4/Rjlh0MQUvx9W+L9long=="],

    "@vscode/extension-telemetry": ["@vscode/extension-telemetry@0.9.8", "", { "dependencies": { "@microsoft/1ds-core-js": "^4.3.4", "@microsoft/1ds-post-js": "^4.3.4", "@microsoft/applicationinsights-web-basic": "^3.3.4" } }, "sha512-7YcKoUvmHlIB8QYCE4FNzt3ErHi9gQPhdCM3ZWtpw1bxPT0I+lMdx52KHlzTNoJzQ2NvMX7HyzyDwBEiMgTrWQ=="],

    "before-after-hook": ["before-after-hook@3.0.2", "", {}, "sha512-Nik3Sc0ncrMK4UUdXQmAnRtzmNQTAAXmXIopizwZ1W1t8QmfJj+zL4OA2I7XPTPW5z5TDqv4hRo/JzouDJnX3A=="],

    "fast-content-type-parse": ["fast-content-type-parse@2.0.1", "", {}, "sha512-nGqtvLrj5w0naR6tDPfB4cUmYCqouzyQiz6C5y/LtcDllJdrcc6WaWW6iXyIIOErTa/XRybj28aasdn4LkVk6Q=="],

    "graphql": ["graphql@16.8.1", "", {}, "sha512-59LZHPdGZVh695Ud9lRzPBVTtlX9ZCV150Er2W43ro37wVof0ctenSaskPPjN7lVTIN8mSZt8PHUNKZuNQUuxw=="],

    "graphql-tag": ["graphql-tag@2.12.6", "", { "dependencies": { "tslib": "^2.1.0" }, "peerDependencies": { "graphql": "^0.9.0 || ^0.10.0 || ^0.11.0 || ^0.12.0 || ^0.13.0 || ^14.0.0 || ^15.0.0 || ^16.0.0" } }, "sha512-FdSNcu2QQcWnM2VNvSCCDCVS5PpPqpzgFT8+GXzqJuoDd0CBncxCY278u4mhRO7tMgo2JjgJA5aZ+nWSQ/Z+xg=="],

    "tslib": ["tslib@2.6.3", "", {}, "sha512-xNvxJEOUiWPGhUuUdQgAJPKOOJfGnIyKySOc09XkKsgdUV/3E2zvwZYdejjmRgPCgcym1juLH3226yA7sEFJKQ=="],

    "tunnel": ["tunnel@0.0.6", "", {}, "sha512-1h/Lnq9yajKY2PEbBadPXj3VxsDDu844OnaAo52UVmIzIvwwtBPIuNvkjuzBlTWpfJyUbG3ez0KSBibQkj4ojg=="],

    "undici-types": ["undici-types@5.26.5", "", {}, "sha512-JlCMO+ehdEIKqlFxk6IfVoAUVmgz7cU7zD/h9XZ0qzeosSHmUJVOzSQvvYSYWXkFXC+IfLKSIffhv0sVZup6pA=="],

    "universal-user-agent": ["universal-user-agent@7.0.2", "", {}, "sha512-0JCqzSKnStlRRQfCdowvqy3cy0Dvtlb8xecj/H8JFZuCze4rwjPZQOgvFvn0Ws/usCHQFGpyr+pB9adaGwXn4Q=="],
  }
}
