{
  "lockfileVersion": 1,
  "configVersion": 0,
  "workspaces": {
    "": {
      "name": "github-authentication",
      "dependencies": {
        "@vscode/extension-telemetry": "^0.9.8",
        "node-fetch": "2.6.7",
        "vscode-tas-client": "^0.1.84",
      },
      "devDependencies": {
        "@types/mocha": "^9.1.1",
        "@types/node": "20.x",
        "@types/node-fetch": "^2.5.7",
      },
    },
  },
  "packages": {
    "@microsoft/1ds-core-js": ["@microsoft/1ds-core-js@4.3.4", "", { "dependencies": { "@microsoft/applicationinsights-core-js": "3.3.4", "@microsoft/applicationinsights-shims": "3.0.1", "@microsoft/dynamicproto-js": "^2.0.3", "@nevware21/ts-async": ">= 0.5.2 < 2.x", "@nevware21/ts-utils": ">= 0.11.3 < 2.x" } }, "sha512-3gbDUQgAO8EoyQTNcAEkxpuPnioC0May13P1l1l0NKZ128L9Ts/sj8QsfwCRTjHz0HThlA+4FptcAJXNYUy3rg=="],

    "@microsoft/1ds-post-js": ["@microsoft/1ds-post-js@4.3.4", "", { "dependencies": { "@microsoft/1ds-core-js": "4.3.4", "@microsoft/applicationinsights-shims": "3.0.1", "@microsoft/dynamicproto-js": "^2.0.3", "@nevware21/ts-async": ">= 0.5.2 < 2.x", "@nevware21/ts-utils": ">= 0.11.3 < 2.x" } }, "sha512-nlKjWricDj0Tn68Dt0P8lX9a+X7LYrqJ6/iSfQwMfDhRIGLqW+wxx8gxS+iGWC/oc8zMQAeiZaemUpCwQcwpRQ=="],

    "@microsoft/applicationinsights-channel-js": ["@microsoft/applicationinsights-channel-js@3.3.4", "", { "dependencies": { "@microsoft/applicationinsights-common": "3.3.4", "@microsoft/applicationinsights-core-js": "3.3.4", "@microsoft/applicationinsights-shims": "3.0.1", "@microsoft/dynamicproto-js": "^2.0.3", "@nevware21/ts-async": ">= 0.5.2 < 2.x", "@nevware21/ts-utils": ">= 0.11.3 < 2.x" } }, "sha512-Z4nrxYwGKP9iyrYtm7iPQXVOFy4FsEsX0nDKkAi96Qpgw+vEh6NH4ORxMMuES0EollBQ3faJyvYCwckuCVIj0g=="],

    "@microsoft/applicationinsights-common": ["@microsoft/applicationinsights-common@3.3.4", "", { "dependencies": { "@microsoft/applicationinsights-core-js": "3.3.4", "@microsoft/applicationinsights-shims": "3.0.1", "@microsoft/dynamicproto-js": "^2.0.3", "@nevware21/ts-utils": ">= 0.11.3 < 2.x" } }, "sha512-4ms16MlIvcP4WiUPqopifNxcWCcrXQJ2ADAK/75uok2mNQe6ZNRsqb/P+pvhUxc8A5HRlvoXPP1ptDSN5Girgw=="],

    "@microsoft/applicationinsights-core-js": ["@microsoft/applicationinsights-core-js@3.3.4", "", { "dependencies": { "@microsoft/applicationinsights-shims": "3.0.1", "@microsoft/dynamicproto-js": "^2.0.3", "@nevware21/ts-async": ">= 0.5.2 < 2.x", "@nevware21/ts-utils": ">= 0.11.3 < 2.x" } }, "sha512-MummANF0mgKIkdvVvfmHQTBliK114IZLRhTL0X0Ep+zjDwWMHqYZgew0nlFKAl6ggu42abPZFK5afpE7qjtYJA=="],

    "@microsoft/applicationinsights-shims": ["@microsoft/applicationinsights-shims@3.0.1", "", { "dependencies": { "@nevware21/ts-utils": ">= 0.9.4 < 2.x" } }, "sha512-DKwboF47H1nb33rSUfjqI6ryX29v+2QWcTrRvcQDA32AZr5Ilkr7whOOSsD1aBzwqX0RJEIP1Z81jfE3NBm/Lg=="],

    "@microsoft/applicationinsights-web-basic": ["@microsoft/applicationinsights-web-basic@3.3.4", "", { "dependencies": { "@microsoft/applicationinsights-channel-js": "3.3.4", "@microsoft/applicationinsights-common": "3.3.4", "@microsoft/applicationinsights-core-js": "3.3.4", "@microsoft/applicationinsights-shims": "3.0.1", "@microsoft/dynamicproto-js": "^2.0.3", "@nevware21/ts-async": ">= 0.5.2 < 2.x", "@nevware21/ts-utils": ">= 0.11.3 < 2.x" } }, "sha512-OpEPXr8vU/t/M8T9jvWJzJx/pCyygIiR1nGM/2PTde0wn7anl71Gxl5fWol7K/WwFEORNjkL3CEyWOyDc+28AA=="],

    "@microsoft/dynamicproto-js": ["@microsoft/dynamicproto-js@2.0.3", "", { "dependencies": { "@nevware21/ts-utils": ">= 0.10.4 < 2.x" } }, "sha512-JTWTU80rMy3mdxOjjpaiDQsTLZ6YSGGqsjURsY6AUQtIj0udlF/jYmhdLZu8693ZIC0T1IwYnFa0+QeiMnziBA=="],

    "@nevware21/ts-async": ["@nevware21/ts-async@0.5.4", "", { "dependencies": { "@nevware21/ts-utils": ">= 0.11.6 < 2.x" } }, "sha512-IBTyj29GwGlxfzXw2NPnzty+w0Adx61Eze1/lknH/XIVdxtF9UnOpk76tnrHXWa6j84a1RR9hsOcHQPFv9qJjA=="],

    "@nevware21/ts-utils": ["@nevware21/ts-utils@0.11.6", "", {}, "sha512-OUUJTh3fnaUSzg9DEHgv3d7jC+DnPL65mIO7RaR+jWve7+MmcgIvF79gY97DPQ4frH+IpNR78YAYd/dW4gK3kg=="],

    "@types/mocha": ["@types/mocha@9.1.1", "", {}, "sha512-Z61JK7DKDtdKTWwLeElSEBcWGRLY8g95ic5FoQqI9CMx0ns/Ghep3B4DfcEimiKMvtamNVULVNKEsiwV3aQmXw=="],

    "@types/node": ["@types/node@20.11.24", "", { "dependencies": { "undici-types": "~5.26.4" } }, "sha512-Kza43ewS3xoLgCEpQrsT+xRo/EJej1y0kVYGiLFE1NEODXGzTfwiC6tXTLMQskn1X4/Rjlh0MQUvx9W+L9long=="],

    "@types/node-fetch": ["@types/node-fetch@2.5.7", "", { "dependencies": { "@types/node": "*", "form-data": "^3.0.0" } }, "sha512-o2WVNf5UhWRkxlf6eq+jMZDu7kjgpgJfl4xVNlvryc95O/6F2ld8ztKX+qu+Rjyet93WAWm5LjeX9H5FGkODvw=="],

    "@vscode/extension-telemetry": ["@vscode/extension-telemetry@0.9.8", "", { "dependencies": { "@microsoft/1ds-core-js": "^4.3.4", "@microsoft/1ds-post-js": "^4.3.4", "@microsoft/applicationinsights-web-basic": "^3.3.4" } }, "sha512-7YcKoUvmHlIB8QYCE4FNzt3ErHi9gQPhdCM3ZWtpw1bxPT0I+lMdx52KHlzTNoJzQ2NvMX7HyzyDwBEiMgTrWQ=="],

    "asynckit": ["asynckit@0.4.0", "", {}, ""],

    "combined-stream": ["combined-stream@1.0.8", "", { "dependencies": { "delayed-stream": "~1.0.0" } }, "sha512-FQN4MRfuJeHf7cBbBMJFXhKSDq+2kAArBlmRBvcvFE5BB1HZKXtSFASDhdlz9zOYwxh8lDdnvmMOe/+5cdoEdg=="],

    "delayed-stream": ["delayed-stream@1.0.0", "", {}, ""],

    "form-data": ["form-data@3.0.0", "", { "dependencies": { "asynckit": "^0.4.0", "combined-stream": "^1.0.8", "mime-types": "^2.1.12" } }, "sha512-CKMFDglpbMi6PyN+brwB9Q/GOw0eAnsrEZDgcsH5Krhz5Od/haKHAX0NmQfha2zPPz0JpWzA7GJHGSnvCRLWsg=="],

    "mime-db": ["mime-db@1.44.0", "", {}, "sha512-/NOTfLrsPBVeH7YtFPgsVWveuL+4SjjYxaQ1xtM1KMFj7HdxlBlxeyNLzhyJVx7r4rZGJAZ/6lkKCitSc/Nmpg=="],

    "mime-types": ["mime-types@2.1.27", "", { "dependencies": { "mime-db": "1.44.0" } }, "sha512-JIhqnCasI9yD+SsmkquHBxTSEuZdQX5BuQnS2Vc7puQQQ+8yiP5AY5uWhpdv4YL4VM5c6iliiYWPgJ/nJQLp7w=="],

    "node-fetch": ["node-fetch@2.6.7", "", { "dependencies": { "whatwg-url": "^5.0.0" }, "peerDependencies": { "encoding": "^0.1.0" }, "optionalPeers": ["encoding"] }, "sha512-ZjMPFEfVx5j+y2yF35Kzx5sF7kDzxuDj6ziH4FFbOp87zKDZNx8yExJIb05OGF4Nlt9IHFIMBkRl41VdvcNdbQ=="],

    "tas-client": ["tas-client@0.2.33", "", {}, "sha512-V+uqV66BOQnWxvI6HjDnE4VkInmYZUQ4dgB7gzaDyFyFSK1i1nF/j7DpS9UbQAgV9NaF1XpcyuavnM1qOeiEIg=="],

    "tr46": ["tr46@0.0.3", "", {}, ""],

    "undici-types": ["undici-types@5.26.5", "", {}, "sha512-JlCMO+ehdEIKqlFxk6IfVoAUVmgz7cU7zD/h9XZ0qzeosSHmUJVOzSQvvYSYWXkFXC+IfLKSIffhv0sVZup6pA=="],

    "vscode-tas-client": ["vscode-tas-client@0.1.84", "", { "dependencies": { "tas-client": "0.2.33" } }, "sha512-rUTrUopV+70hvx1hW5ebdw1nd6djxubkLvVxjGdyD/r5v/wcVF41LIfiAtbm5qLZDtQdsMH1IaCuDoluoIa88w=="],

    "webidl-conversions": ["webidl-conversions@3.0.1", "", {}, ""],

    "whatwg-url": ["whatwg-url@5.0.0", "", { "dependencies": { "tr46": "~0.0.3", "webidl-conversions": "^3.0.0" } }, ""],
  }
}
