{
  "lockfileVersion": 1,
  "configVersion": 0,
  "workspaces": {
    "": {
      "name": "emmet",
      "dependencies": {
        "@emmetio/css-parser": "ramya-rao-a/css-parser#vscode",
        "@emmetio/html-matcher": "^0.3.3",
        "@emmetio/math-expression": "^1.0.5",
        "@vscode/emmet-helper": "^2.8.8",
        "image-size": "~1.0.0",
        "vscode-languageserver-textdocument": "^1.0.1",
      },
      "devDependencies": {
        "@types/node": "20.x",
      },
    },
  },
  "packages": {
    "@emmetio/abbreviation": ["@emmetio/abbreviation@2.3.3", "", { "dependencies": { "@emmetio/scanner": "^1.0.4" } }, "sha512-mgv58UrU3rh4YgbE/TzgLQwJ3pFsHHhCLqY20aJq+9comytTXUDNGG/SMtSeMJdkpxgXSXunBGLD8Boka3JyVA=="],

    "@emmetio/css-abbreviation": ["@emmetio/css-abbreviation@2.1.8", "", { "dependencies": { "@emmetio/scanner": "^1.0.4" } }, "sha512-s9yjhJ6saOO/uk1V74eifykk2CBYi01STTK3WlXWGOepyKa23ymJ053+DNQjpFcy1ingpaO7AxCcwLvHFY9tuw=="],

    "@emmetio/css-parser": ["@emmetio/css-parser@git+ssh://git@github.com/ramya-rao-a/css-parser.git#370c480ac103bd17c7bcfb34bf5d577dc40d3660", { "dependencies": { "@emmetio/stream-reader": "^2.2.0", "@emmetio/stream-reader-utils": "^0.1.0" } }, "370c480ac103bd17c7bcfb34bf5d577dc40d3660"],

    "@emmetio/html-matcher": ["@emmetio/html-matcher@0.3.3", "", { "dependencies": { "@emmetio/stream-reader": "^2.0.0", "@emmetio/stream-reader-utils": "^0.1.0" } }, "sha512-+aeGmFXoR36nk2qzqPhBnWjnB38BV+dreTh/tsfbWP9kHv7fqRa9XuG1BSQFbPtKzsjUsBvGXkgGU3G8MkMw6A=="],

    "@emmetio/math-expression": ["@emmetio/math-expression@1.0.5", "", { "dependencies": { "@emmetio/scanner": "^1.0.4" } }, "sha512-qf5SXD/ViS04rXSeDg9CRGM10xLC9dVaKIbMHrrwxYr5LNB/C0rOfokhGSBwnVQKcidLmdRJeNWH1V1tppZ84Q=="],

    "@emmetio/scanner": ["@emmetio/scanner@1.0.4", "", {}, "sha512-IqRuJtQff7YHHBk4G8YZ45uB9BaAGcwQeVzgj/zj8/UdOhtQpEIupUhSk8dys6spFIWVZVeK20CzGEnqR5SbqA=="],

    "@emmetio/stream-reader": ["@emmetio/stream-reader@2.2.0", "", {}, ""],

    "@emmetio/stream-reader-utils": ["@emmetio/stream-reader-utils@0.1.0", "", {}, ""],

    "@types/node": ["@types/node@20.11.24", "", { "dependencies": { "undici-types": "~5.26.4" } }, "sha512-Kza43ewS3xoLgCEpQrsT+xRo/EJej1y0kVYGiLFE1NEODXGzTfwiC6tXTLMQskn1X4/Rjlh0MQUvx9W+L9long=="],

    "@vscode/emmet-helper": ["@vscode/emmet-helper@2.11.0", "", { "dependencies": { "emmet": "^2.4.3", "jsonc-parser": "^2.3.0", "vscode-languageserver-textdocument": "^1.0.1", "vscode-languageserver-types": "^3.15.1", "vscode-uri": "^3.0.8" } }, "sha512-QLxjQR3imPZPQltfbWRnHU6JecWTF1QSWhx3GAKQpslx7y3Dp6sIIXhKjiUJ/BR9FX8PVthjr9PD6pNwOJfAzw=="],

    "emmet": ["emmet@2.4.11", "", { "dependencies": { "@emmetio/abbreviation": "^2.3.3", "@emmetio/css-abbreviation": "^2.1.8" } }, "sha512-23QPJB3moh/U9sT4rQzGgeyyGIrcM+GH5uVYg2C6wZIxAIJq7Ng3QLT79tl8FUwDXhyq9SusfknOrofAKqvgyQ=="],

    "image-size": ["image-size@1.0.0", "", { "dependencies": { "queue": "6.0.2" }, "bin": "bin/image-size.js" }, "sha512-JLJ6OwBfO1KcA+TvJT+v8gbE6iWbj24LyDNFgFEN0lzegn6cC6a/p3NIDaepMsJjQjlUWqIC7wJv8lBFxPNjcw=="],

    "inherits": ["inherits@2.0.4", "", {}, "sha512-k/vGaX4/Yla3WzyMCvTQOXYeIHvqOKtnqBduzTHpzpQZzAskKMhZ2K+EnBiSM9zGSoIFeMpXKxa4dYeZIQqewQ=="],

    "jsonc-parser": ["jsonc-parser@2.3.1", "", {}, "sha512-H8jvkz1O50L3dMZCsLqiuB2tA7muqbSg1AtGEkN0leAqGjsUzDJir3Zwr02BhqdcITPg3ei3mZ+HjMocAknhhg=="],

    "queue": ["queue@6.0.2", "", { "dependencies": { "inherits": "~2.0.3" } }, "sha512-iHZWu+q3IdFZFX36ro/lKBkSvfkztY5Y7HMiPlOUjhupPcG2JMfst2KKEpu5XndviX/3UhFbRngUPNKtgvtZiA=="],

    "undici-types": ["undici-types@5.26.5", "", {}, "sha512-JlCMO+ehdEIKqlFxk6IfVoAUVmgz7cU7zD/h9XZ0qzeosSHmUJVOzSQvvYSYWXkFXC+IfLKSIffhv0sVZup6pA=="],

    "vscode-languageserver-textdocument": ["vscode-languageserver-textdocument@1.0.12", "", {}, "sha512-cxWNPesCnQCcMPeenjKKsOCKQZ/L6Tv19DTRIGuLWe32lyzWhihGVJ/rcckZXJxfdKCFvRLS3fpBIsV/ZGX4zA=="],

    "vscode-languageserver-types": ["vscode-languageserver-types@3.17.5", "", {}, "sha512-Ld1VelNuX9pdF39h2Hgaeb5hEZM2Z3jUrrMgWQAu82jMtZp7p3vJT3BzToKtZI7NgQssZje5o0zryOrhQvzQAg=="],

    "vscode-uri": ["vscode-uri@3.0.8", "", {}, "sha512-AyFQ0EVmsOZOlAnxoFOGOq1SQDWAB7C6aqMGS23svWAllfOaxbuFvcT8D1i8z3Gyn8fraVeZNNmN6e9bxxXkKw=="],
  }
}
