{
  "lockfileVersion": 1,
  "configVersion": 0,
  "workspaces": {
    "": {
      "name": "vscode-selfhost-test-provider",
      "dependencies": {
        "@jridgewell/trace-mapping": "^0.3.25",
        "ansi-styles": "^5.2.0",
        "cockatiel": "^3.1.3",
        "istanbul-to-vscode": "^2.0.1",
      },
      "devDependencies": {
        "@types/mocha": "^10.0.6",
        "@types/node": "20.x",
      },
    },
  },
  "packages": {
    "@jridgewell/resolve-uri": ["@jridgewell/resolve-uri@3.1.2", "", {}, "sha512-bRISgCIjP20/tbWSPWMEi54QVPRZExkuD9lJL+UIxUKtwVJA8wW1Trb1jMs1RFXo1CBTNZ/5hpC9QvmKWdopKw=="],

    "@jridgewell/sourcemap-codec": ["@jridgewell/sourcemap-codec@1.4.15", "", {}, "sha512-eF2rxCRulEKXHTRiDrDy6erMYWqNw4LPdQ8UQA4huuxaQsVeRPFl2oM8oDGxMFhJUWZf9McpLtJasDDZb/Bpeg=="],

    "@jridgewell/trace-mapping": ["@jridgewell/trace-mapping@0.3.25", "", { "dependencies": { "@jridgewell/resolve-uri": "^3.1.0", "@jridgewell/sourcemap-codec": "^1.4.14" } }, "sha512-vNk6aEwybGtawWmy/PzwnGDOjCkLWSD2wqvjGGAgOAwCGWySYXfYoxt00IJkTF+8Lb57DwOb3Aa0o9CApepiYQ=="],

    "@types/istanbul-lib-coverage": ["@types/istanbul-lib-coverage@2.0.6", "", {}, "sha512-2QF/t/auWm0lsy8XtKVPG19v3sSOQlJe/YHZgfjb/KBBHOGSV+J2q/S671rcq9uTBrLAXmZpqJiaQbMT+zNU1w=="],

    "@types/mocha": ["@types/mocha@10.0.6", "", {}, "sha512-dJvrYWxP/UcXm36Qn36fxhUKu8A/xMRXVT2cliFF1Z7UA9liG5Psj3ezNSZw+5puH2czDXRLcXQxf8JbJt0ejg=="],

    "@types/node": ["@types/node@20.12.11", "", { "dependencies": { "undici-types": "~5.26.4" } }, "sha512-vDg9PZ/zi+Nqp6boSOT7plNuthRugEKixDv5sFTIpkE89MmNtEArAShI4mxuX2+UrLEe9pxC1vm2cjm9YlWbJw=="],

    "ansi-styles": ["ansi-styles@5.2.0", "", {}, "sha512-Cxwpt2SfTzTtXcfOlzGEee8O+c+MmUgGrNiBcXnuWxuFJHe6a5Hz7qwhwe5OgaSYI0IJvkLqWX1ASG+cJOkEiA=="],

    "cockatiel": ["cockatiel@3.1.3", "", {}, "sha512-xC759TpZ69d7HhfDp8m2WkRwEUiCkxY8Ee2OQH/3H6zmy2D/5Sm+zSTbPRa+V2QyjDtpMvjOIAOVjA2gp6N1kQ=="],

    "istanbul-to-vscode": ["istanbul-to-vscode@2.0.1", "", { "dependencies": { "@types/istanbul-lib-coverage": "^2.0.6" } }, "sha512-V9Hhr7kX3UvkvkaT1lK3AmCRPkaIAIogQBrduTpNiLTkp1eVsybnJhWiDSVeCQap/3aGeZ2019oIivhX9MNsCQ=="],

    "undici-types": ["undici-types@5.26.5", "", {}, "sha512-JlCMO+ehdEIKqlFxk6IfVoAUVmgz7cU7zD/h9XZ0qzeosSHmUJVOzSQvvYSYWXkFXC+IfLKSIffhv0sVZup6pA=="],
  }
}
