{
  "lockfileVersion": 1,
  "configVersion": 0,
  "workspaces": {
    "": {
      "name": "html-language-features",
      "dependencies": {
        "@vscode/extension-telemetry": "^0.9.8",
        "vscode-languageclient": "^10.0.0-next.14",
        "vscode-uri": "^3.0.8",
      },
      "devDependencies": {
        "@types/node": "20.x",
      },
    },
  },
  "packages": {
    "@microsoft/1ds-core-js": ["@microsoft/1ds-core-js@4.3.4", "", { "dependencies": { "@microsoft/applicationinsights-core-js": "3.3.4", "@microsoft/applicationinsights-shims": "3.0.1", "@microsoft/dynamicproto-js": "^2.0.3", "@nevware21/ts-async": ">= 0.5.2 < 2.x", "@nevware21/ts-utils": ">= 0.11.3 < 2.x" } }, "sha512-3gbDUQgAO8EoyQTNcAEkxpuPnioC0May13P1l1l0NKZ128L9Ts/sj8QsfwCRTjHz0HThlA+4FptcAJXNYUy3rg=="],

    "@microsoft/1ds-post-js": ["@microsoft/1ds-post-js@4.3.4", "", { "dependencies": { "@microsoft/1ds-core-js": "4.3.4", "@microsoft/applicationinsights-shims": "3.0.1", "@microsoft/dynamicproto-js": "^2.0.3", "@nevware21/ts-async": ">= 0.5.2 < 2.x", "@nevware21/ts-utils": ">= 0.11.3 < 2.x" } }, "sha512-nlKjWricDj0Tn68Dt0P8lX9a+X7LYrqJ6/iSfQwMfDhRIGLqW+wxx8gxS+iGWC/oc8zMQAeiZaemUpCwQcwpRQ=="],

    "@microsoft/applicationinsights-channel-js": ["@microsoft/applicationinsights-channel-js@3.3.4", "", { "dependencies": { "@microsoft/applicationinsights-common": "3.3.4", "@microsoft/applicationinsights-core-js": "3.3.4", "@microsoft/applicationinsights-shims": "3.0.1", "@microsoft/dynamicproto-js": "^2.0.3", "@nevware21/ts-async": ">= 0.5.2 < 2.x", "@nevware21/ts-utils": ">= 0.11.3 < 2.x" } }, "sha512-Z4nrxYwGKP9iyrYtm7iPQXVOFy4FsEsX0nDKkAi96Qpgw+vEh6NH4ORxMMuES0EollBQ3faJyvYCwckuCVIj0g=="],

    "@microsoft/applicationinsights-common": ["@microsoft/applicationinsights-common@3.3.4", "", { "dependencies": { "@microsoft/applicationinsights-core-js": "3.3.4", "@microsoft/applicationinsights-shims": "3.0.1", "@microsoft/dynamicproto-js": "^2.0.3", "@nevware21/ts-utils": ">= 0.11.3 < 2.x" } }, "sha512-4ms16MlIvcP4WiUPqopifNxcWCcrXQJ2ADAK/75uok2mNQe6ZNRsqb/P+pvhUxc8A5HRlvoXPP1ptDSN5Girgw=="],

    "@microsoft/applicationinsights-core-js": ["@microsoft/applicationinsights-core-js@3.3.4", "", { "dependencies": { "@microsoft/applicationinsights-shims": "3.0.1", "@microsoft/dynamicproto-js": "^2.0.3", "@nevware21/ts-async": ">= 0.5.2 < 2.x", "@nevware21/ts-utils": ">= 0.11.3 < 2.x" } }, "sha512-MummANF0mgKIkdvVvfmHQTBliK114IZLRhTL0X0Ep+zjDwWMHqYZgew0nlFKAl6ggu42abPZFK5afpE7qjtYJA=="],

    "@microsoft/applicationinsights-shims": ["@microsoft/applicationinsights-shims@3.0.1", "", { "dependencies": { "@nevware21/ts-utils": ">= 0.9.4 < 2.x" } }, "sha512-DKwboF47H1nb33rSUfjqI6ryX29v+2QWcTrRvcQDA32AZr5Ilkr7whOOSsD1aBzwqX0RJEIP1Z81jfE3NBm/Lg=="],

    "@microsoft/applicationinsights-web-basic": ["@microsoft/applicationinsights-web-basic@3.3.4", "", { "dependencies": { "@microsoft/applicationinsights-channel-js": "3.3.4", "@microsoft/applicationinsights-common": "3.3.4", "@microsoft/applicationinsights-core-js": "3.3.4", "@microsoft/applicationinsights-shims": "3.0.1", "@microsoft/dynamicproto-js": "^2.0.3", "@nevware21/ts-async": ">= 0.5.2 < 2.x", "@nevware21/ts-utils": ">= 0.11.3 < 2.x" } }, "sha512-OpEPXr8vU/t/M8T9jvWJzJx/pCyygIiR1nGM/2PTde0wn7anl71Gxl5fWol7K/WwFEORNjkL3CEyWOyDc+28AA=="],

    "@microsoft/dynamicproto-js": ["@microsoft/dynamicproto-js@2.0.3", "", { "dependencies": { "@nevware21/ts-utils": ">= 0.10.4 < 2.x" } }, "sha512-JTWTU80rMy3mdxOjjpaiDQsTLZ6YSGGqsjURsY6AUQtIj0udlF/jYmhdLZu8693ZIC0T1IwYnFa0+QeiMnziBA=="],

    "@nevware21/ts-async": ["@nevware21/ts-async@0.5.4", "", { "dependencies": { "@nevware21/ts-utils": ">= 0.11.6 < 2.x" } }, "sha512-IBTyj29GwGlxfzXw2NPnzty+w0Adx61Eze1/lknH/XIVdxtF9UnOpk76tnrHXWa6j84a1RR9hsOcHQPFv9qJjA=="],

    "@nevware21/ts-utils": ["@nevware21/ts-utils@0.11.6", "", {}, "sha512-OUUJTh3fnaUSzg9DEHgv3d7jC+DnPL65mIO7RaR+jWve7+MmcgIvF79gY97DPQ4frH+IpNR78YAYd/dW4gK3kg=="],

    "@types/node": ["@types/node@20.11.24", "", { "dependencies": { "undici-types": "~5.26.4" } }, "sha512-Kza43ewS3xoLgCEpQrsT+xRo/EJej1y0kVYGiLFE1NEODXGzTfwiC6tXTLMQskn1X4/Rjlh0MQUvx9W+L9long=="],

    "@vscode/extension-telemetry": ["@vscode/extension-telemetry@0.9.8", "", { "dependencies": { "@microsoft/1ds-core-js": "^4.3.4", "@microsoft/1ds-post-js": "^4.3.4", "@microsoft/applicationinsights-web-basic": "^3.3.4" } }, "sha512-7YcKoUvmHlIB8QYCE4FNzt3ErHi9gQPhdCM3ZWtpw1bxPT0I+lMdx52KHlzTNoJzQ2NvMX7HyzyDwBEiMgTrWQ=="],

    "balanced-match": ["balanced-match@1.0.2", "", {}, "sha512-3oSeUO0TMV67hN1AmbXsK4yaqU7tjiHlbxRDZOpH0KW9+CeX4bRAaX0Anxt0tx2MrpRpWwQaPwIlISEJhYU5Pw=="],

    "brace-expansion": ["brace-expansion@2.0.1", "", { "dependencies": { "balanced-match": "^1.0.0" } }, "sha512-XnAIvQ8eM+kC6aULx6wuQiwVsnzsi9d3WxzV3FpWTGA19F621kwdbsAcFKXgKUHZWsy+mY6iL1sHTxWEFCytDA=="],

    "minimatch": ["minimatch@10.0.1", "", { "dependencies": { "brace-expansion": "^2.0.1" } }, "sha512-ethXTt3SGGR+95gudmqJ1eNhRO7eGEGIgYA9vnPatK4/etz2MEVDno5GMCibdMTuBMyElzIlgxMna3K94XDIDQ=="],

    "semver": ["semver@7.7.1", "", { "bin": "bin/semver.js" }, "sha512-hlq8tAfn0m/61p4BVRcPzIGr6LKiMwo4VM6dGi6pt4qcRkmNzTcWq6eCEjEh+qXjkMDvPlOFFSGwQjoEa6gyMA=="],

    "undici-types": ["undici-types@5.26.5", "", {}, "sha512-JlCMO+ehdEIKqlFxk6IfVoAUVmgz7cU7zD/h9XZ0qzeosSHmUJVOzSQvvYSYWXkFXC+IfLKSIffhv0sVZup6pA=="],

    "vscode-jsonrpc": ["vscode-jsonrpc@9.0.0-next.7", "", {}, "sha512-7SgnbbbJfYr3off0T2KV/RCMYhVsuLeFPw8l3bkxSiavtoTLsOdu1jyxK3yWbdQuO8QOJC7+no0TXmYjRWSC+g=="],

    "vscode-languageclient": ["vscode-languageclient@10.0.0-next.14", "", { "dependencies": { "minimatch": "^10.0.1", "semver": "^7.6.3", "vscode-languageserver-protocol": "3.17.6-next.12" } }, "sha512-4m/cpNocRgrAkWc8IH4wd3zllAs16NvMmeGcQxFa6xt+mGXJASIeqp0NAFWKZERKg6ClVgBph+SDSZSVvNZ2oA=="],

    "vscode-languageserver-protocol": ["vscode-languageserver-protocol@3.17.6-next.12", "", { "dependencies": { "vscode-jsonrpc": "9.0.0-next.7", "vscode-languageserver-types": "3.17.6-next.6" } }, "sha512-EqrbwF0glTWD2HiDpFc32pJOr6/bJvyKSfCpRQrKy3XsfdloH4p3o/rNJYcpujM0OVLmPZgl1i9g57z9g2YRJA=="],

    "vscode-languageserver-types": ["vscode-languageserver-types@3.17.6-next.6", "", {}, "sha512-aiJY5/yW+xzw7KPNlwi3gQtddq/3EIn5z8X8nCgJfaiAij2R1APKePngv+MUdLdYJBVTLu+Qa0ODsT+pHgYguQ=="],

    "vscode-uri": ["vscode-uri@3.0.8", "", {}, "sha512-AyFQ0EVmsOZOlAnxoFOGOq1SQDWAB7C6aqMGS23svWAllfOaxbuFvcT8D1i8z3Gyn8fraVeZNNmN6e9bxxXkKw=="],
  }
}
