{
  "lockfileVersion": 1,
  "configVersion": 0,
  "workspaces": {
    "": {
      "name": "markdown-language-features",
      "dependencies": {
        "@vscode/extension-telemetry": "^0.9.8",
        "dompurify": "^3.2.4",
        "highlight.js": "^11.8.0",
        "markdown-it": "^12.3.2",
        "markdown-it-front-matter": "^0.2.4",
        "morphdom": "^2.7.4",
        "picomatch": "^2.3.1",
        "punycode": "^2.3.1",
        "vscode-languageclient": "^8.0.2",
        "vscode-languageserver-textdocument": "^1.0.11",
        "vscode-markdown-languageserver": "^0.5.0-alpha.10",
        "vscode-uri": "^3.0.3",
      },
      "devDependencies": {
        "@types/dompurify": "^3.0.5",
        "@types/lodash.throttle": "^4.1.3",
        "@types/markdown-it": "12.2.3",
        "@types/picomatch": "^2.3.0",
        "@types/vscode-notebook-renderer": "^1.60.0",
        "@types/vscode-webview": "^1.57.0",
        "@vscode/markdown-it-katex": "^1.1.1",
        "lodash.throttle": "^4.1.1",
        "vscode-languageserver-types": "^3.17.2",
        "vscode-markdown-languageservice": "^0.3.0-alpha.3",
      },
    },
  },
  "packages": {
    "@microsoft/1ds-core-js": ["@microsoft/1ds-core-js@4.3.4", "", { "dependencies": { "@microsoft/applicationinsights-core-js": "3.3.4", "@microsoft/applicationinsights-shims": "3.0.1", "@microsoft/dynamicproto-js": "^2.0.3", "@nevware21/ts-async": ">= 0.5.2 < 2.x", "@nevware21/ts-utils": ">= 0.11.3 < 2.x" } }, "sha512-3gbDUQgAO8EoyQTNcAEkxpuPnioC0May13P1l1l0NKZ128L9Ts/sj8QsfwCRTjHz0HThlA+4FptcAJXNYUy3rg=="],

    "@microsoft/1ds-post-js": ["@microsoft/1ds-post-js@4.3.4", "", { "dependencies": { "@microsoft/1ds-core-js": "4.3.4", "@microsoft/applicationinsights-shims": "3.0.1", "@microsoft/dynamicproto-js": "^2.0.3", "@nevware21/ts-async": ">= 0.5.2 < 2.x", "@nevware21/ts-utils": ">= 0.11.3 < 2.x" } }, "sha512-nlKjWricDj0Tn68Dt0P8lX9a+X7LYrqJ6/iSfQwMfDhRIGLqW+wxx8gxS+iGWC/oc8zMQAeiZaemUpCwQcwpRQ=="],

    "@microsoft/applicationinsights-channel-js": ["@microsoft/applicationinsights-channel-js@3.3.4", "", { "dependencies": { "@microsoft/applicationinsights-common": "3.3.4", "@microsoft/applicationinsights-core-js": "3.3.4", "@microsoft/applicationinsights-shims": "3.0.1", "@microsoft/dynamicproto-js": "^2.0.3", "@nevware21/ts-async": ">= 0.5.2 < 2.x", "@nevware21/ts-utils": ">= 0.11.3 < 2.x" } }, "sha512-Z4nrxYwGKP9iyrYtm7iPQXVOFy4FsEsX0nDKkAi96Qpgw+vEh6NH4ORxMMuES0EollBQ3faJyvYCwckuCVIj0g=="],

    "@microsoft/applicationinsights-common": ["@microsoft/applicationinsights-common@3.3.4", "", { "dependencies": { "@microsoft/applicationinsights-core-js": "3.3.4", "@microsoft/applicationinsights-shims": "3.0.1", "@microsoft/dynamicproto-js": "^2.0.3", "@nevware21/ts-utils": ">= 0.11.3 < 2.x" } }, "sha512-4ms16MlIvcP4WiUPqopifNxcWCcrXQJ2ADAK/75uok2mNQe6ZNRsqb/P+pvhUxc8A5HRlvoXPP1ptDSN5Girgw=="],

    "@microsoft/applicationinsights-core-js": ["@microsoft/applicationinsights-core-js@3.3.4", "", { "dependencies": { "@microsoft/applicationinsights-shims": "3.0.1", "@microsoft/dynamicproto-js": "^2.0.3", "@nevware21/ts-async": ">= 0.5.2 < 2.x", "@nevware21/ts-utils": ">= 0.11.3 < 2.x" } }, "sha512-MummANF0mgKIkdvVvfmHQTBliK114IZLRhTL0X0Ep+zjDwWMHqYZgew0nlFKAl6ggu42abPZFK5afpE7qjtYJA=="],

    "@microsoft/applicationinsights-shims": ["@microsoft/applicationinsights-shims@3.0.1", "", { "dependencies": { "@nevware21/ts-utils": ">= 0.9.4 < 2.x" } }, "sha512-DKwboF47H1nb33rSUfjqI6ryX29v+2QWcTrRvcQDA32AZr5Ilkr7whOOSsD1aBzwqX0RJEIP1Z81jfE3NBm/Lg=="],

    "@microsoft/applicationinsights-web-basic": ["@microsoft/applicationinsights-web-basic@3.3.4", "", { "dependencies": { "@microsoft/applicationinsights-channel-js": "3.3.4", "@microsoft/applicationinsights-common": "3.3.4", "@microsoft/applicationinsights-core-js": "3.3.4", "@microsoft/applicationinsights-shims": "3.0.1", "@microsoft/dynamicproto-js": "^2.0.3", "@nevware21/ts-async": ">= 0.5.2 < 2.x", "@nevware21/ts-utils": ">= 0.11.3 < 2.x" } }, "sha512-OpEPXr8vU/t/M8T9jvWJzJx/pCyygIiR1nGM/2PTde0wn7anl71Gxl5fWol7K/WwFEORNjkL3CEyWOyDc+28AA=="],

    "@microsoft/dynamicproto-js": ["@microsoft/dynamicproto-js@2.0.3", "", { "dependencies": { "@nevware21/ts-utils": ">= 0.10.4 < 2.x" } }, "sha512-JTWTU80rMy3mdxOjjpaiDQsTLZ6YSGGqsjURsY6AUQtIj0udlF/jYmhdLZu8693ZIC0T1IwYnFa0+QeiMnziBA=="],

    "@nevware21/ts-async": ["@nevware21/ts-async@0.5.4", "", { "dependencies": { "@nevware21/ts-utils": ">= 0.11.6 < 2.x" } }, "sha512-IBTyj29GwGlxfzXw2NPnzty+w0Adx61Eze1/lknH/XIVdxtF9UnOpk76tnrHXWa6j84a1RR9hsOcHQPFv9qJjA=="],

    "@nevware21/ts-utils": ["@nevware21/ts-utils@0.11.6", "", {}, "sha512-OUUJTh3fnaUSzg9DEHgv3d7jC+DnPL65mIO7RaR+jWve7+MmcgIvF79gY97DPQ4frH+IpNR78YAYd/dW4gK3kg=="],

    "@types/dompurify": ["@types/dompurify@3.0.5", "", { "dependencies": { "@types/trusted-types": "*" } }, "sha512-1Wg0g3BtQF7sSb27fJQAKck1HECM6zV1EB66j8JH9i3LCjYabJa0FSdiSgsD5K/RbrsR0SiraKacLB+T8ZVYAg=="],

    "@types/linkify-it": ["@types/linkify-it@5.0.0", "", {}, "sha512-sVDA58zAw4eWAffKOaQH5/5j3XeayukzDk+ewSsnv3p4yJEZHCCzMDiZM8e0OUrRvmpGZ85jf4yDHkHsgBNr9Q=="],

    "@types/lodash": ["@types/lodash@4.14.104", "", {}, "sha512-ufQcVg4daO8xQ5kopxRHanqFdL4AI7ondQkV+2f+7mz3gvp0LkBx2zBRC6hfs3T87mzQFmf5Fck7Fi145Ul6NQ=="],

    "@types/lodash.throttle": ["@types/lodash.throttle@4.1.3", "", { "dependencies": { "@types/lodash": "*" } }, "sha512-FUm7uMuYRX7dzqmgX02bxdBwC75owUxGA4dDKtFePDLJ6N1ofXxkRX3NhJV8wOrNs/wCjaY6sDVJrD1lbyERoQ=="],

    "@types/markdown-it": ["@types/markdown-it@12.2.3", "", { "dependencies": { "@types/linkify-it": "*", "@types/mdurl": "*" } }, "sha512-GKMHFfv3458yYy+v/N8gjufHO6MSZKCOXpZc5GXIWWy8uldwfmPn98vp81gZ5f9SVw8YYBctgfJ22a2d7AOMeQ=="],

    "@types/mdurl": ["@types/mdurl@2.0.0", "", {}, "sha512-RGdgjQUZba5p6QEFAVx2OGb8rQDL/cPRG7GiedRzMcJ1tYnUANBncjbSB1NRGwbvjcPeikRABz2nshyPk1bhWg=="],

    "@types/picomatch": ["@types/picomatch@2.3.0", "", {}, "sha512-O397rnSS9iQI4OirieAtsDqvCj4+3eY1J+EPdNTKuHuRWIfUoGyzX294o8C4KJYaLqgSrd2o60c5EqCU8Zv02g=="],

    "@types/trusted-types": ["@types/trusted-types@2.0.7", "", {}, "sha512-ScaPdn1dQczgbl0QFTeTOmVHFULt394XJgOQNoyVhZ6r2vLnMLJfBPd53SB52T/3G36VI1/g2MZaX0cwDuXsfw=="],

    "@types/vscode-notebook-renderer": ["@types/vscode-notebook-renderer@1.60.0", "", {}, "sha512-u7TD2uuEZTVuitx0iijOJdKI0JLiQP6PsSBSRy2XmHXUOXcp5p1S56NrjOEDoF+PIHd3NL3eO6KTRSf5nukDqQ=="],

    "@types/vscode-webview": ["@types/vscode-webview@1.57.0", "", {}, "sha512-x3Cb/SMa1IwRHfSvKaZDZOTh4cNoG505c3NjTqGlMC082m++x/ETUmtYniDsw6SSmYzZXO8KBNhYxR0+VqymqA=="],

    "@vscode/extension-telemetry": ["@vscode/extension-telemetry@0.9.8", "", { "dependencies": { "@microsoft/1ds-core-js": "^4.3.4", "@microsoft/1ds-post-js": "^4.3.4", "@microsoft/applicationinsights-web-basic": "^3.3.4" } }, "sha512-7YcKoUvmHlIB8QYCE4FNzt3ErHi9gQPhdCM3ZWtpw1bxPT0I+lMdx52KHlzTNoJzQ2NvMX7HyzyDwBEiMgTrWQ=="],

    "@vscode/l10n": ["@vscode/l10n@0.0.10", "", {}, "sha512-E1OCmDcDWa0Ya7vtSjp/XfHFGqYJfh+YPC1RkATU71fTac+j1JjCcB3qwSzmlKAighx2WxhLlfhS0RwAN++PFQ=="],

    "@vscode/markdown-it-katex": ["@vscode/markdown-it-katex@1.1.1", "", { "dependencies": { "katex": "^0.16.4" } }, "sha512-3KTlbsRBPJQLE2YmLL7K6nunTlU+W9T5+FjfNdWuIUKgxSS6HWLQHaO3L4MkJi7z7MpIPpY+g4N+cWNBPE/MSA=="],

    "argparse": ["argparse@2.0.1", "", {}, "sha512-8+9WqebbFzpX9OR+Wa6O29asIogeRMzcGtAINdpMHHyAg10f05aSFVBbcEqGf/PXw1EjAZ+q2/bEBg3DvurK3Q=="],

    "balanced-match": ["balanced-match@1.0.2", "", {}, "sha512-3oSeUO0TMV67hN1AmbXsK4yaqU7tjiHlbxRDZOpH0KW9+CeX4bRAaX0Anxt0tx2MrpRpWwQaPwIlISEJhYU5Pw=="],

    "boolbase": ["boolbase@1.0.0", "", {}, "sha512-JZOSA7Mo9sNGB8+UjSgzdLtokWAky1zbztM3WRLCbZ70/3cTANmQmOdR7y2g+J0e2WXywy1yS468tY+IruqEww=="],

    "brace-expansion": ["brace-expansion@1.1.11", "", { "dependencies": { "balanced-match": "^1.0.0", "concat-map": "0.0.1" } }, "sha512-iCuPHDFgrHX7H2vEI/5xpz07zSHB00TpugqhmYtVmMO6518mCuRMoOYFldEBl0g187ufozdaHgWKcYFb61qGiA=="],

    "commander": ["commander@8.3.0", "", {}, "sha512-OkTL9umf+He2DZkUq8f8J9of7yL6RJKI24dVITBmNfZBmri9zYZQrKkuXiKhyfPSu8tUhnVBB1iKXevvnlR4Ww=="],

    "concat-map": ["concat-map@0.0.1", "", {}, "sha512-/Srv4dswyQNBfohGpz9o6Yb3Gz3SrUDqBH5rTuhGR7ahtlbYKnVxw2bCFMRljaA7EXHaXZ8wsHdodFvbkhKmqg=="],

    "css-select": ["css-select@5.1.0", "", { "dependencies": { "boolbase": "^1.0.0", "css-what": "^6.1.0", "domhandler": "^5.0.2", "domutils": "^3.0.1", "nth-check": "^2.0.1" } }, "sha512-nwoRF1rvRRnnCqqY7updORDsuqKzqYJ28+oSMaJMMgOauh3fvwHqMS7EZpIPqK8GL+g9mKxF1vP/ZjSeNjEVHg=="],

    "css-what": ["css-what@6.1.0", "", {}, "sha512-HTUrgRJ7r4dsZKU6GjmpfRK1O76h97Z8MfS1G0FozR+oF2kG6Vfe8JE6zwrkbxigziPHinCJ+gCPjA9EaBDtRw=="],

    "dom-serializer": ["dom-serializer@2.0.0", "", { "dependencies": { "domelementtype": "^2.3.0", "domhandler": "^5.0.2", "entities": "^4.2.0" } }, "sha512-wIkAryiqt/nV5EQKqQpo3SToSOV9J0DnbJqwK7Wv/Trc92zIAYZ4FlMu+JPFW1DfGFt81ZTCGgDEabffXeLyJg=="],

    "domelementtype": ["domelementtype@2.3.0", "", {}, "sha512-OLETBj6w0OsagBwdXnPdN0cnMfF9opN69co+7ZrbfPGrdpPVNBUj02spi6B1N7wChLQiPn4CSH/zJvXw56gmHw=="],

    "domhandler": ["domhandler@5.0.3", "", { "dependencies": { "domelementtype": "^2.3.0" } }, "sha512-cgwlv/1iFQiFnU96XXgROh8xTeetsnJiDsTc7TYCLFd9+/WNkIqPTxiM/8pSd8VIrhXGTf1Ny1q1hquVqDJB5w=="],

    "dompurify": ["dompurify@3.2.4", "", { "optionalDependencies": { "@types/trusted-types": "^2.0.7" } }, "sha512-ysFSFEDVduQpyhzAob/kkuJjf5zWkZD8/A9ywSp1byueyuCfHamrCBa14/Oc2iiB0e51B+NpxSl5gmzn+Ms/mg=="],

    "domutils": ["domutils@3.2.2", "", { "dependencies": { "dom-serializer": "^2.0.0", "domelementtype": "^2.3.0", "domhandler": "^5.0.3" } }, "sha512-6kZKyUajlDuqlHKVX1w7gyslj9MPIXzIFiz/rGu35uC1wMi+kMhQwGhl4lt9unC9Vb9INnY9Z3/ZA3+FhASLaw=="],

    "entities": ["entities@2.1.0", "", {}, "sha512-hCx1oky9PFrJ611mf0ifBLBRW8lUUVRlFolb5gWRfIELabBlbp9xZvrqZLZAs+NxFnbfQoeGd8wDkygjg7U85w=="],

    "he": ["he@1.2.0", "", { "bin": "bin/he" }, "sha512-F/1DnUGPopORZi0ni+CvrCgHQ5FyEAHRLSApuYWMmrbSwoN2Mn/7k+Gl38gJnR7yyDZk6WLXwiGod1JOWNDKGw=="],

    "highlight.js": ["highlight.js@11.8.0", "", {}, "sha512-MedQhoqVdr0U6SSnWPzfiadUcDHfN/Wzq25AkXiQv9oiOO/sG0S7XkvpFIqWBl9Yq1UYyYOOVORs5UW2XlPyzg=="],

    "katex": ["katex@0.16.21", "", { "dependencies": { "commander": "^8.3.0" }, "bin": "cli.js" }, "sha512-XvqR7FgOHtWupfMiigNzmh+MgUVmDGU2kXZm899ZkPfcuoPuFxyHmXsgATDpFZDAXCI8tvinaVcDo8PIIJSo4A=="],

    "linkify-it": ["linkify-it@3.0.3", "", { "dependencies": { "uc.micro": "^1.0.1" } }, "sha512-ynTsyrFSdE5oZ/O9GEf00kPngmOfVwazR5GKDq6EYfhlpFug3J2zybX56a2PRRpc9P+FuSoGNAwjlbDs9jJBPQ=="],

    "lodash.throttle": ["lodash.throttle@4.1.1", "", {}, ""],

    "lru-cache": ["lru-cache@6.0.0", "", { "dependencies": { "yallist": "^4.0.0" } }, "sha512-Jo6dJ04CmSjuznwJSS3pUeWmd/H0ffTlkXXgwZi+eq1UCmqQwCh+eLsYOYCwY991i2Fah4h1BEMCx4qThGbsiA=="],

    "markdown-it": ["markdown-it@12.3.2", "", { "dependencies": { "argparse": "^2.0.1", "entities": "~2.1.0", "linkify-it": "^3.0.1", "mdurl": "^1.0.1", "uc.micro": "^1.0.5" }, "bin": "bin/markdown-it.js" }, "sha512-TchMembfxfNVpHkbtriWltGWc+m3xszaRD0CZup7GFFhzIgQqxIfn3eGj1yZpfuflzPvfkt611B2Q/Bsk1YnGg=="],

    "markdown-it-front-matter": ["markdown-it-front-matter@0.2.4", "", {}, "sha512-25GUs0yjS2hLl8zAemVndeEzThB1p42yxuDEKbd4JlL3jiz+jsm6e56Ya8B0VREOkNxLYB4TTwaoPJ3ElMmW+w=="],

    "mdurl": ["mdurl@1.0.1", "", {}, "sha512-/sKlQJCBYVY9Ers9hqzKou4H6V5UWc/M59TH2dvkt+84itfnq7uFOMLpOiOS4ujvHP4etln18fmIxA5R5fll0g=="],

    "minimatch": ["minimatch@3.1.2", "", { "dependencies": { "brace-expansion": "^1.1.7" } }, "sha512-J7p63hRiAjw1NDEww1W7i37+ByIrOWO5XQQAzZ3VOcL0PNybwpfmV/N05zFAzwQ9USyEcX6t3UO+K5aqBQOIHw=="],

    "morphdom": ["morphdom@2.7.4", "", {}, "sha512-ATTbWMgGa+FaMU3FhnFYB6WgulCqwf6opOll4CBzmVDTLvPMmUPrEv8CudmLPK0MESa64+6B89fWOxP3+YIlxQ=="],

    "node-html-parser": ["node-html-parser@6.1.13", "", { "dependencies": { "css-select": "^5.1.0", "he": "1.2.0" } }, "sha512-qIsTMOY4C/dAa5Q5vsobRpOOvPfC4pB61UVW2uSwZNUp0QU/jCekTal1vMmbO0DgdHeLUJpv/ARmDqErVxA3Sg=="],

    "nth-check": ["nth-check@2.1.1", "", { "dependencies": { "boolbase": "^1.0.0" } }, "sha512-lqjrjmaOoAnWfMmBPL+XNnynZh2+swxiX3WUE0s4yEHI6m+AwrK2UZOimIRl3X/4QctVqS8AiZjFqyOGrMXb/w=="],

    "picomatch": ["picomatch@2.3.1", "", {}, "sha512-JU3teHTNjmE2VCGFzuY8EXzCDVwEqB2a8fsIvwaStHhAWJEeVd1o1QD80CU6+ZdEXXSLbSsuLwJjkCBWqRQUVA=="],

    "punycode": ["punycode@2.3.1", "", {}, "sha512-vYt7UD1U9Wg6138shLtLOvdAu+8DsC/ilFtEVHcH+wydcSpNE20AfSOduf6MkRFahL5FY7X1oU7nKVZFtfq8Fg=="],

    "semver": ["semver@7.5.4", "", { "dependencies": { "lru-cache": "^6.0.0" }, "bin": "bin/semver.js" }, "sha512-1bCSESV6Pv+i21Hvpxp3Dx+pSD8lIPt8uVjRrxAUt/nbswYc+tK6Y2btiULjd4+fnq15PX+nqQDC7Oft7WkwcA=="],

    "uc.micro": ["uc.micro@1.0.6", "", {}, "sha512-8Y75pvTYkLJW2hWQHXxoqRgV7qb9B+9vFEtidML+7koHUFapnVJAZ6cKs+Qjz5Aw3aZWHMC6u0wJE3At+nSGwA=="],

    "vscode-jsonrpc": ["vscode-jsonrpc@8.0.2", "", {}, "sha512-RY7HwI/ydoC1Wwg4gJ3y6LpU9FJRZAUnTYMXthqhFXXu77ErDd/xkREpGuk4MyYkk4a+XDWAMqe0S3KkelYQEQ=="],

    "vscode-languageclient": ["vscode-languageclient@8.0.2", "", { "dependencies": { "minimatch": "^3.0.4", "semver": "^7.3.5", "vscode-languageserver-protocol": "3.17.2" } }, "sha512-lHlthJtphG9gibGb/y72CKqQUxwPsMXijJVpHEC2bvbFqxmkj9LwQ3aGU9dwjBLqsX1S4KjShYppLvg1UJDF/Q=="],

    "vscode-languageserver": ["vscode-languageserver@8.1.0", "", { "dependencies": { "vscode-languageserver-protocol": "3.17.3" }, "bin": { "installServerIntoExtension": "bin/installServerIntoExtension" } }, "sha512-eUt8f1z2N2IEUDBsKaNapkz7jl5QpskN2Y0G01T/ItMxBxw1fJwvtySGB9QMecatne8jFIWJGWI61dWjyTLQsw=="],

    "vscode-languageserver-protocol": ["vscode-languageserver-protocol@3.17.2", "", { "dependencies": { "vscode-jsonrpc": "8.0.2", "vscode-languageserver-types": "3.17.2" } }, "sha512-8kYisQ3z/SQ2kyjlNeQxbkkTNmVFoQCqkmGrzLH6A9ecPlgTbp3wDTnUNqaUxYr4vlAcloxx8zwy7G5WdguYNg=="],

    "vscode-languageserver-textdocument": ["vscode-languageserver-textdocument@1.0.11", "", {}, "sha512-X+8T3GoiwTVlJbicx/sIAF+yuJAqz8VvwJyoMVhwEMoEKE/fkDmrqUgDMyBECcM2A2frVZIUj5HI/ErRXCfOeA=="],

    "vscode-languageserver-types": ["vscode-languageserver-types@3.17.2", "", {}, "sha512-zHhCWatviizPIq9B7Vh9uvrH6x3sK8itC84HkamnBWoDFJtzBf7SWlpLCZUit72b3os45h6RWQNC9xHRDF8dRA=="],

    "vscode-markdown-languageserver": ["vscode-markdown-languageserver@0.5.0-alpha.10", "", { "dependencies": { "@vscode/l10n": "^0.0.11", "vscode-languageserver": "^8.1.0", "vscode-languageserver-textdocument": "^1.0.8", "vscode-languageserver-types": "^3.17.3", "vscode-markdown-languageservice": "^0.5.0-alpha.9", "vscode-uri": "^3.0.7" } }, "sha512-e/Vzd2M34CvmkFYAF+MVh/mF2jmZQ8lQoxMB9V14JUs5UXbyJO2avTv6XF3GEB0EfHlQQ7qVOlCRghzPyskB8A=="],

    "vscode-markdown-languageservice": ["vscode-markdown-languageservice@0.3.0-alpha.3", "", { "dependencies": { "@vscode/l10n": "^0.0.10", "picomatch": "^2.3.1", "vscode-languageserver-textdocument": "^1.0.5", "vscode-languageserver-types": "^3.17.1", "vscode-uri": "^3.0.3" } }, "sha512-KPjIuCkSqabkzci7TnlLKep5FYIC45tS7UC5H8zoOii7aoKJru5mZBDXJt86bM3XTgnfpW7rUYqhNnvXbbCBbw=="],

    "vscode-uri": ["vscode-uri@3.0.8", "", {}, "sha512-AyFQ0EVmsOZOlAnxoFOGOq1SQDWAB7C6aqMGS23svWAllfOaxbuFvcT8D1i8z3Gyn8fraVeZNNmN6e9bxxXkKw=="],

    "yallist": ["yallist@4.0.0", "", {}, "sha512-3wdGidZyq5PB084XLES5TpOSRA3wjXAlIWMhum2kRcv/41Sn2emQ0dycQW4uZXLejwKvg6EsvbdlVL+FYEct7A=="],

    "dom-serializer/entities": ["entities@4.5.0", "", {}, "sha512-V0hjH4dGPh9Ao5p0MoRY6BVqtwCjhz6vI5LT8AJ55H+4g9/4vbHx1I54fS0XuclLhDHArPQCiMjDxjaL8fPxhw=="],

    "vscode-languageserver/vscode-languageserver-protocol": ["vscode-languageserver-protocol@3.17.3", "", { "dependencies": { "vscode-jsonrpc": "8.1.0", "vscode-languageserver-types": "3.17.3" } }, "sha512-924/h0AqsMtA5yK22GgMtCYiMdCOtWTSGgUOkgEDX+wk2b0x4sAfLiO4NxBxqbiVtz7K7/1/RgVrVI0NClZwqA=="],

    "vscode-markdown-languageserver/@vscode/l10n": ["@vscode/l10n@0.0.11", "", {}, "sha512-ukOMWnCg1tCvT7WnDfsUKQOFDQGsyR5tNgRpwmqi+5/vzU3ghdDXzvIM4IOPdSb3OeSsBNvmSL8nxIVOqi2WXA=="],

    "vscode-markdown-languageserver/vscode-languageserver-types": ["vscode-languageserver-types@3.17.5", "", {}, "sha512-Ld1VelNuX9pdF39h2Hgaeb5hEZM2Z3jUrrMgWQAu82jMtZp7p3vJT3BzToKtZI7NgQssZje5o0zryOrhQvzQAg=="],

    "vscode-markdown-languageserver/vscode-markdown-languageservice": ["vscode-markdown-languageservice@0.5.0-alpha.9", "", { "dependencies": { "@vscode/l10n": "^0.0.10", "node-html-parser": "^6.1.5", "picomatch": "^2.3.1", "vscode-languageserver-protocol": "^3.17.1", "vscode-languageserver-textdocument": "^1.0.11", "vscode-uri": "^3.0.7" } }, "sha512-OrE8homBOuXX9FOUhqRXgx/Iw0qA94yj3FBRSMztn8VveeO1Y0Eqej/9HBb5ga4sYdlFtQRIZ19lie37TsI+cQ=="],

    "vscode-languageserver/vscode-languageserver-protocol/vscode-jsonrpc": ["vscode-jsonrpc@8.1.0", "", {}, "sha512-6TDy/abTQk+zDGYazgbIPc+4JoXdwC8NHU9Pbn4UJP1fehUyZmM4RHp5IthX7A6L5KS30PRui+j+tbbMMMafdw=="],

    "vscode-languageserver/vscode-languageserver-protocol/vscode-languageserver-types": ["vscode-languageserver-types@3.17.3", "", {}, "sha512-SYU4z1dL0PyIMd4Vj8YOqFvHu7Hz/enbWtpfnVbJHU4Nd1YNYx8u0ennumc6h48GQNeOLxmwySmnADouT/AuZA=="],

    "vscode-markdown-languageserver/vscode-markdown-languageservice/@vscode/l10n": ["@vscode/l10n@0.0.10", "", {}, "sha512-E1OCmDcDWa0Ya7vtSjp/XfHFGqYJfh+YPC1RkATU71fTac+j1JjCcB3qwSzmlKAighx2WxhLlfhS0RwAN++PFQ=="],
  }
}
